
Microsoft Visual Studio Solution File, Format Version 12.00
# Visual Studio Version 17
VisualStudioVersion = 17.7.34202.233
MinimumVisualStudioVersion = 10.0.40219.1
Project("{FAE04EC0-301F-11D3-BF4B-00C04F79EFBC}") = "Backend", "Backend.csproj", "{74060F57-7DA5-434A-9936-D7C11BA63532}"
EndProject
Global
	GlobalSection(SolutionConfigurationPlatforms) = preSolution
		Debug|Any CPU = Debug|Any CPU
		Release|Any CPU = Release|Any CPU
	EndGlobalSection
	GlobalSection(ProjectConfigurationPlatforms) = postSolution
		{74060F57-7DA5-434A-9936-D7C11BA63532}.Debug|Any CPU.ActiveCfg = Debug|Any CPU
		{74060F57-7DA5-434A-9936-D7C11BA63532}.Debug|Any CPU.Build.0 = Debug|Any CPU
		{74060F57-7DA5-434A-9936-D7C11BA63532}.Release|Any CPU.ActiveCfg = Release|Any CPU
		{74060F57-7DA5-434A-9936-D7C11BA63532}.Release|Any CPU.Build.0 = Release|Any CPU
	EndGlobalSection
	GlobalSection(SolutionProperties) = preSolution
		HideSolutionNode = FALSE
	EndGlobalSection
	GlobalSection(ExtensibilityGlobals) = postSolution
		SolutionGuid = {A20E7F2A-DFCF-436C-9B83-D2CBC5515731}
	EndGlobalSection
EndGlobal
